// !$*UTF8*$!
{
	archiveVersion = 1;
	classes = {
	};
	objectVersion = 77;
	objects = {

/* Begin PBXContainerItemProxy section */
		21A80EB82D0175CE0048F51E /* PBXContainerItemProxy */ = {
			isa = PBXContainerItemProxy;
			containerPortal = 21A80E9B2D0175CD0048F51E /* Project object */;
			proxyType = 1;
			remoteGlobalIDString = 21A80EA22D0175CD0048F51E;
			remoteInfo = ShuttleU;
		};
		21A80EC22D0175CE0048F51E /* PBXContainerItemProxy */ = {
			isa = PBXContainerItemProxy;
			containerPortal = 21A80E9B2D0175CD0048F51E /* Project object */;
			proxyType = 1;
			remoteGlobalIDString = 21A80EA22D0175CD0048F51E;
			remoteInfo = ShuttleU;
		};
/* End PBXContainerItemProxy section */

/* Begin PBXFileReference section */
		21A80EA32D0175CD0048F51E /* ShuttleU.app */ = {isa = PBXFileReference; explicitFileType = wrapper.application; includeInIndex = 0; path = ShuttleU.app; sourceTree = BUILT_PRODUCTS_DIR; };
		21A80EB72D0175CE0048F51E /* ShuttleUTests.xctest */ = {isa = PBXFileReference; explicitFileType = wrapper.cfbundle; includeInIndex = 0; path = ShuttleUTests.xctest; sourceTree = BUILT_PRODUCTS_DIR; };
		21A80EC12D0175CE0048F51E /* ShuttleUUITests.xctest */ = {isa = PBXFileReference; explicitFileType = wrapper.cfbundle; includeInIndex = 0; path = ShuttleUUITests.xctest; sourceTree = BUILT_PRODUCTS_DIR; };
/* End PBXFileReference section */

/* Begin PBXFileSystemSynchronizedBuildFileExceptionSet section */
		21A80EC92D0175CE0048F51E /* Exceptions for "ShuttleU" folder in "ShuttleU" target */ = {
			isa = PBXFileSystemSynchronizedBuildFileExceptionSet;
			membershipExceptions = (
				Info.plist,
			);
			target = 21A80EA22D0175CD0048F51E /* ShuttleU */;
		};
/* End PBXFileSystemSynchronizedBuildFileExceptionSet section */

/* Begin PBXFileSystemSynchronizedRootGroup section */
		21A80EA52D0175CD0048F51E /* ShuttleU */ = {
			isa = PBXFileSystemSynchronizedRootGroup;
			exceptions = (
				21A80EC92D0175CE0048F51E /* Exceptions for "ShuttleU" folder in "ShuttleU" target */,
			);
			path = ShuttleU;
			sourceTree = "<group>";
		};
		21A80EBA2D0175CE0048F51E /* ShuttleUTests */ = {
			isa = PBXFileSystemSynchronizedRootGroup;
			path = ShuttleUTests;
			sourceTree = "<group>";
		};
		21A80EC42D0175CE0048F51E /* ShuttleUUITests */ = {
			isa = PBXFileSystemSynchronizedRootGroup;
			path = ShuttleUUITests;
			sourceTree = "<group>";
		};
/* End PBXFileSystemSynchronizedRootGroup section */

/* Begin PBXFrameworksBuildPhase section */
		21A80EA02D0175CD0048F51E /* Frameworks */ = {
			isa = PBXFrameworksBuildPhase;
			buildActionMask = 2147483647;
			files = (
			);
			runOnlyForDeploymentPostprocessing = 0;
		};
		21A80EB42D0175CE0048F51E /* Frameworks */ = {
			isa = PBXFrameworksBuildPhase;
			buildActionMask = 2147483647;
			files = (
			);
			runOnlyForDeploymentPostprocessing = 0;
		};
		21A80EBE2D0175CE0048F51E /* Frameworks */ = {
			isa = PBXFrameworksBuildPhase;
			buildActionMask = 2147483647;
			files = (
			);
			runOnlyForDeploymentPostprocessing = 0;
		};
/* End PBXFrameworksBuildPhase section */

/* Begin PBXGroup section */
		21A80E9A2D0175CD0048F51E = {
			isa = PBXGroup;
			children = (
				21A80EA52D0175CD0048F51E /* ShuttleU */,
				21A80EBA2D0175CE0048F51E /* ShuttleUTests */,
				21A80EC42D0175CE0048F51E /* ShuttleUUITests */,
				21A80EA42D0175CD0048F51E /* Products */,
			);
			sourceTree = "<group>";
		};
		21A80EA42D0175CD0048F51E /* Products */ = {
			isa = PBXGroup;
			children = (
				21A80EA32D0175CD0048F51E /* ShuttleU.app */,
				21A80EB72D0175CE0048F51E /* ShuttleUTests.xctest */,
				21A80EC12D0175CE0048F51E /* ShuttleUUITests.xctest */,
			);
			name = Products;
			sourceTree = "<group>";
		};
/* End PBXGroup section */

/* Begin PBXNativeTarget section */
		21A80EA22D0175CD0048F51E /* ShuttleU */ = {
			isa = PBXNativeTarget;
			buildConfigurationList = 21A80ECA2D0175CE0048F51E /* Build configuration list for PBXNativeTarget "ShuttleU" */;
			buildPhases = (
				21A80E9F2D0175CD0048F51E /* Sources */,
				21A80EA02D0175CD0048F51E /* Frameworks */,
				21A80EA12D0175CD0048F51E /* Resources */,
			);
			buildRules = (
			);
			dependencies = (
			);
			fileSystemSynchronizedGroups = (
				21A80EA52D0175CD0048F51E /* ShuttleU */,
			);
			name = ShuttleU;
			packageProductDependencies = (
			);
			productName = ShuttleU;
			productReference = 21A80EA32D0175CD0048F51E /* ShuttleU.app */;
			productType = "com.apple.product-type.application";
		};
		21A80EB62D0175CE0048F51E /* ShuttleUTests */ = {
			isa = PBXNativeTarget;
			buildConfigurationList = 21A80ECF2D0175CE0048F51E /* Build configuration list for PBXNativeTarget "ShuttleUTests" */;
			buildPhases = (
				21A80EB32D0175CE0048F51E /* Sources */,
				21A80EB42D0175CE0048F51E /* Frameworks */,
				21A80EB52D0175CE0048F51E /* Resources */,
			);
			buildRules = (
			);
			dependencies = (
				21A80EB92D0175CE0048F51E /* PBXTargetDependency */,
			);
			fileSystemSynchronizedGroups = (
				21A80EBA2D0175CE0048F51E /* ShuttleUTests */,
			);
			name = ShuttleUTests;
			packageProductDependencies = (
			);
			productName = ShuttleUTests;
			productReference = 21A80EB72D0175CE0048F51E /* ShuttleUTests.xctest */;
			productType = "com.apple.product-type.bundle.unit-test";
		};
		21A80EC02D0175CE0048F51E /* ShuttleUUITests */ = {
			isa = PBXNativeTarget;
			buildConfigurationList = 21A80ED22D0175CE0048F51E /* Build configuration list for PBXNativeTarget "ShuttleUUITests" */;
			buildPhases = (
				21A80EBD2D0175CE0048F51E /* Sources */,
				21A80EBE2D0175CE0048F51E /* Frameworks */,
				21A80EBF2D0175CE0048F51E /* Resources */,
			);
			buildRules = (
			);
			dependencies = (
				21A80EC32D0175CE0048F51E /* PBXTargetDependency */,
			);
			fileSystemSynchronizedGroups = (
				21A80EC42D0175CE0048F51E /* ShuttleUUITests */,
			);
			name = ShuttleUUITests;
			packageProductDependencies = (
			);
			productName = ShuttleUUITests;
			productReference = 21A80EC12D0175CE0048F51E /* ShuttleUUITests.xctest */;
			productType = "com.apple.product-type.bundle.ui-testing";
		};
/* End PBXNativeTarget section */

/* Begin PBXProject section */
		21A80E9B2D0175CD0048F51E /* Project object */ = {
			isa = PBXProject;
			attributes = {
				BuildIndependentTargetsInParallel = 1;
				LastSwiftUpdateCheck = 1610;
				LastUpgradeCheck = 1610;
				TargetAttributes = {
					21A80EA22D0175CD0048F51E = {
						CreatedOnToolsVersion = 16.1;
					};
					21A80EB62D0175CE0048F51E = {
						CreatedOnToolsVersion = 16.1;
						TestTargetID = 21A80EA22D0175CD0048F51E;
					};
					21A80EC02D0175CE0048F51E = {
						CreatedOnToolsVersion = 16.1;
						TestTargetID = 21A80EA22D0175CD0048F51E;
					};
				};
			};
			buildConfigurationList = 21A80E9E2D0175CD0048F51E /* Build configuration list for PBXProject "ShuttleU" */;
			developmentRegion = en;
			hasScannedForEncodings = 0;
			knownRegions = (
				en,
				Base,
			);
			mainGroup = 21A80E9A2D0175CD0048F51E;
			minimizedProjectReferenceProxies = 1;
			preferredProjectObjectVersion = 77;
			productRefGroup = 21A80EA42D0175CD0048F51E /* Products */;
			projectDirPath = "";
			projectRoot = "";
			targets = (
				21A80EA22D0175CD0048F51E /* ShuttleU */,
				21A80EB62D0175CE0048F51E /* ShuttleUTests */,
				21A80EC02D0175CE0048F51E /* ShuttleUUITests */,
			);
		};
/* End PBXProject section */

/* Begin PBXResourcesBuildPhase section */
		21A80EA12D0175CD0048F51E /* Resources */ = {
			isa = PBXResourcesBuildPhase;
			buildActionMask = 2147483647;
			files = (
			);
			runOnlyForDeploymentPostprocessing = 0;
		};
		21A80EB52D0175CE0048F51E /* Resources */ = {
			isa = PBXResourcesBuildPhase;
			buildActionMask = 2147483647;
			files = (
			);
			runOnlyForDeploymentPostprocessing = 0;
		};
		21A80EBF2D0175CE0048F51E /* Resources */ = {
			isa = PBXResourcesBuildPhase;
			buildActionMask = 2147483647;
			files = (
			);
			runOnlyForDeploymentPostprocessing = 0;
		};
/* End PBXResourcesBuildPhase section */

/* Begin PBXSourcesBuildPhase section */
		21A80E9F2D0175CD0048F51E /* Sources */ = {
			isa = PBXSourcesBuildPhase;
			buildActionMask = 2147483647;
			files = (
			);
			runOnlyForDeploymentPostprocessing = 0;
		};
		21A80EB32D0175CE0048F51E /* Sources */ = {
			isa = PBXSourcesBuildPhase;
			buildActionMask = 2147483647;
			files = (
			);
			runOnlyForDeploymentPostprocessing = 0;
		};
		21A80EBD2D0175CE0048F51E /* Sources */ = {
			isa = PBXSourcesBuildPhase;
			buildActionMask = 2147483647;
			files = (
			);
			runOnlyForDeploymentPostprocessing = 0;
		};
/* End PBXSourcesBuildPhase section */

/* Begin PBXTargetDependency section */
		21A80EB92D0175CE0048F51E /* PBXTargetDependency */ = {
			isa = PBXTargetDependency;
			target = 21A80EA22D0175CD0048F51E /* ShuttleU */;
			targetProxy = 21A80EB82D0175CE0048F51E /* PBXContainerItemProxy */;
		};
		21A80EC32D0175CE0048F51E /* PBXTargetDependency */ = {
			isa = PBXTargetDependency;
			target = 21A80EA22D0175CD0048F51E /* ShuttleU */;
			targetProxy = 21A80EC22D0175CE0048F51E /* PBXContainerItemProxy */;
		};
/* End PBXTargetDependency section */

/* Begin XCBuildConfiguration section */
		21A80ECB2D0175CE0048F51E /* Debug */ = {
			isa = XCBuildConfiguration;
			buildSettings = {
				ASSETCATALOG_COMPILER_APPICON_NAME = AppIcon;
				ASSETCATALOG_COMPILER_GLOBAL_ACCENT_COLOR_NAME = AccentColor;
				CODE_SIGN_ENTITLEMENTS = ShuttleU/ShuttleU.entitlements;
				CODE_SIGN_IDENTITY = "Apple Development";
				CODE_SIGN_STYLE = Automatic;
				CURRENT_PROJECT_VERSION = 1;
				DEVELOPMENT_ASSET_PATHS = "\"ShuttleU/Preview Content\"";
				DEVELOPMENT_TEAM = WJ336QCNUF;
				ENABLE_PREVIEWS = YES;
				GENERATE_INFOPLIST_FILE = YES;
				INFOPLIST_FILE = ShuttleU/Info.plist;
				INFOPLIST_KEY_NSLocationWhenInUseUsageDescription = "";
				INFOPLIST_KEY_UIApplicationSceneManifest_Generation = YES;
				INFOPLIST_KEY_UIApplicationSupportsIndirectInputEvents = YES;
				INFOPLIST_KEY_UILaunchScreen_Generation = YES;
				INFOPLIST_KEY_UISupportedInterfaceOrientations_iPad = "UIInterfaceOrientationPortrait UIInterfaceOrientationPortraitUpsideDown UIInterfaceOrientationLandscapeLeft UIInterfaceOrientationLandscapeRight";
				INFOPLIST_KEY_UISupportedInterfaceOrientations_iPhone = "UIInterfaceOrientationPortrait UIInterfaceOrientationLandscapeLeft UIInterfaceOrientationLandscapeRight";
				IPHONEOS_DEPLOYMENT_TARGET = 17.6;
				LD_RUNPATH_SEARCH_PATHS = (
					"$(inherited)",
					"@executable_path/Frameworks",
				);
				MARKETING_VERSION = 1.0;
				PRODUCT_BUNDLE_IDENTIFIER = Beima.ShuttleU;
				PRODUCT_NAME = "$(TARGET_NAME)";
				PROVISIONING_PROFILE_SPECIFIER = "";
				SWIFT_EMIT_LOC_STRINGS = YES;
				SWIFT_VERSION = 5.0;
				TARGETED_DEVICE_FAMILY = "1,2";
			};
			name = Debug;
		};
		21A80ECC2D0175CE0048F51E /* Release */ = {
			isa = XCBuildConfiguration;
			buildSettings = {
				ASSETCATALOG_COMPILER_APPICON_NAME = AppIcon;
				ASSETCATALOG_COMPILER_GLOBAL_ACCENT_COLOR_NAME = AccentColor;
				CODE_SIGN_ENTITLEMENTS = ShuttleU/ShuttleU.entitlements;
				CODE_SIGN_IDENTITY = "Apple Development";
				CODE_SIGN_STYLE = Automatic;
				CURRENT_PROJECT_VERSION = 1;
				DEVELOPMENT_ASSET_PATHS = "\"ShuttleU/Preview Content\"";
				DEVELOPMENT_TEAM = WJ336QCNUF;
				ENABLE_PREVIEWS = YES;
				GENERATE_INFOPLIST_FILE = YES;
				INFOPLIST_FILE = ShuttleU/Info.plist;
				INFOPLIST_KEY_NSLocationWhenInUseUsageDescription = "";
				INFOPLIST_KEY_UIApplicationSceneManifest_Generation = YES;
				INFOPLIST_KEY_UIApplicationSupportsIndirectInputEvents = YES;
				INFOPLIST_KEY_UILaunchScreen_Generation = YES;
				INFOPLIST_KEY_UISupportedInterfaceOrientations_iPad = "UIInterfaceOrientationPortrait UIInterfaceOrientationPortraitUpsideDown UIInterfaceOrientationLandscapeLeft UIInterfaceOrientationLandscapeRight";
				INFOPLIST_KEY_UISupportedInterfaceOrientations_iPhone = "UIInterfaceOrientationPortrait UIInterfaceOrientationLandscapeLeft UIInterfaceOrientationLandscapeRight";
				IPHONEOS_DEPLOYMENT_TARGET = 17.6;
				LD_RUNPATH_SEARCH_PATHS = (
					"$(inherited)",
					"@executable_path/Frameworks",
				);
				MARKETING_VERSION = 1.0;
				PRODUCT_BUNDLE_IDENTIFIER = Beima.ShuttleU;
				PRODUCT_NAME = "$(TARGET_NAME)";
				PROVISIONING_PROFILE_SPECIFIER = "";
				SWIFT_EMIT_LOC_STRINGS = YES;
				SWIFT_VERSION = 5.0;
				TARGETED_DEVICE_FAMILY = "1,2";
			};
			name = Release;
		};
		21A80ECD2D0175CE0048F51E /* Debug */ = {
			isa = XCBuildConfiguration;
			buildSettings = {
				ALWAYS_SEARCH_USER_PATHS = NO;
				ASSETCATALOG_COMPILER_GENERATE_SWIFT_ASSET_SYMBOL_EXTENSIONS = YES;
				CLANG_ANALYZER_NONNULL = YES;
				CLANG_ANALYZER_NUMBER_OBJECT_CONVERSION = YES_AGGRESSIVE;
				CLANG_CXX_LANGUAGE_STANDARD = "gnu++20";
				CLANG_ENABLE_MODULES = YES;
				CLANG_ENABLE_OBJC_ARC = YES;
				CLANG_ENABLE_OBJC_WEAK = YES;
				CLANG_WARN_BLOCK_CAPTURE_AUTORELEASING = YES;
				CLANG_WARN_BOOL_CONVERSION = YES;
				CLANG_WARN_COMMA = YES;
				CLANG_WARN_CONSTANT_CONVERSION = YES;
				CLANG_WARN_DEPRECATED_OBJC_IMPLEMENTATIONS = YES;
				CLANG_WARN_DIRECT_OBJC_ISA_USAGE = YES_ERROR;
				CLANG_WARN_DOCUMENTATION_COMMENTS = YES;
				CLANG_WARN_EMPTY_BODY = YES;
				CLANG_WARN_ENUM_CONVERSION = YES;
				CLANG_WARN_INFINITE_RECURSION = YES;
				CLANG_WARN_INT_CONVERSION = YES;
				CLANG_WARN_NON_LITERAL_NULL_CONVERSION = YES;
				CLANG_WARN_OBJC_IMPLICIT_RETAIN_SELF = YES;
				CLANG_WARN_OBJC_LITERAL_CONVERSION = YES;
				CLANG_WARN_OBJC_ROOT_CLASS = YES_ERROR;
				CLANG_WARN_QUOTED_INCLUDE_IN_FRAMEWORK_HEADER = YES;
				CLANG_WARN_RANGE_LOOP_ANALYSIS = YES;
				CLANG_WARN_STRICT_PROTOTYPES = YES;
				CLANG_WARN_SUSPICIOUS_MOVE = YES;
				CLANG_WARN_UNGUARDED_AVAILABILITY = YES_AGGRESSIVE;
				CLANG_WARN_UNREACHABLE_CODE = YES;
				CLANG_WARN__DUPLICATE_METHOD_MATCH = YES;
				COPY_PHASE_STRIP = NO;
				DEBUG_INFORMATION_FORMAT = dwarf;
				ENABLE_STRICT_OBJC_MSGSEND = YES;
				ENABLE_TESTABILITY = YES;
				ENABLE_USER_SCRIPT_SANDBOXING = YES;
				GCC_C_LANGUAGE_STANDARD = gnu17;
				GCC_DYNAMIC_NO_PIC = NO;
				GCC_NO_COMMON_BLOCKS = YES;
				GCC_OPTIMIZATION_LEVEL = 0;
				GCC_PREPROCESSOR_DEFINITIONS = (
					"DEBUG=1",
					"$(inherited)",
				);
				GCC_WARN_64_TO_32_BIT_CONVERSION = YES;
				GCC_WARN_ABOUT_RETURN_TYPE = YES_ERROR;
				GCC_WARN_UNDECLARED_SELECTOR = YES;
				GCC_WARN_UNINITIALIZED_AUTOS = YES_AGGRESSIVE;
				GCC_WARN_UNUSED_FUNCTION = YES;
				GCC_WARN_UNUSED_VARIABLE = YES;
				IPHONEOS_DEPLOYMENT_TARGET = 18.1;
				LOCALIZATION_PREFERS_STRING_CATALOGS = YES;
				MTL_ENABLE_DEBUG_INFO = INCLUDE_SOURCE;
				MTL_FAST_MATH = YES;
				ONLY_ACTIVE_ARCH = YES;
				SDKROOT = iphoneos;
				SWIFT_ACTIVE_COMPILATION_CONDITIONS = "DEBUG $(inherited)";
				SWIFT_OPTIMIZATION_LEVEL = "-Onone";
			};
			name = Debug;
		};
		21A80ECE2D0175CE0048F51E /* Release */ = {
			isa = XCBuildConfiguration;
			buildSettings = {
				ALWAYS_SEARCH_USER_PATHS = NO;
				ASSETCATALOG_COMPILER_GENERATE_SWIFT_ASSET_SYMBOL_EXTENSIONS = YES;
				CLANG_ANALYZER_NONNULL = YES;
				CLANG_ANALYZER_NUMBER_OBJECT_CONVERSION = YES_AGGRESSIVE;
				CLANG_CXX_LANGUAGE_STANDARD = "gnu++20";
				CLANG_ENABLE_MODULES = YES;
				CLANG_ENABLE_OBJC_ARC = YES;
				CLANG_ENABLE_OBJC_WEAK = YES;
				CLANG_WARN_BLOCK_CAPTURE_AUTORELEASING = YES;
				CLANG_WARN_BOOL_CONVERSION = YES;
				CLANG_WARN_COMMA = YES;
				CLANG_WARN_CONSTANT_CONVERSION = YES;
				CLANG_WARN_DEPRECATED_OBJC_IMPLEMENTATIONS = YES;
				CLANG_WARN_DIRECT_OBJC_ISA_USAGE = YES_ERROR;
				CLANG_WARN_DOCUMENTATION_COMMENTS = YES;
				CLANG_WARN_EMPTY_BODY = YES;
				CLANG_WARN_ENUM_CONVERSION = YES;
				CLANG_WARN_INFINITE_RECURSION = YES;
				CLANG_WARN_INT_CONVERSION = YES;
				CLANG_WARN_NON_LITERAL_NULL_CONVERSION = YES;
				CLANG_WARN_OBJC_IMPLICIT_RETAIN_SELF = YES;
				CLANG_WARN_OBJC_LITERAL_CONVERSION = YES;
				CLANG_WARN_OBJC_ROOT_CLASS = YES_ERROR;
				CLANG_WARN_QUOTED_INCLUDE_IN_FRAMEWORK_HEADER = YES;
				CLANG_WARN_RANGE_LOOP_ANALYSIS = YES;
				CLANG_WARN_STRICT_PROTOTYPES = YES;
				CLANG_WARN_SUSPICIOUS_MOVE = YES;
				CLANG_WARN_UNGUARDED_AVAILABILITY = YES_AGGRESSIVE;
				CLANG_WARN_UNREACHABLE_CODE = YES;
				CLANG_WARN__DUPLICATE_METHOD_MATCH = YES;
				COPY_PHASE_STRIP = NO;
				DEBUG_INFORMATION_FORMAT = "dwarf-with-dsym";
				ENABLE_NS_ASSERTIONS = NO;
				ENABLE_STRICT_OBJC_MSGSEND = YES;
				ENABLE_USER_SCRIPT_SANDBOXING = YES;
				GCC_C_LANGUAGE_STANDARD = gnu17;
				GCC_NO_COMMON_BLOCKS = YES;
				GCC_WARN_64_TO_32_BIT_CONVERSION = YES;
				GCC_WARN_ABOUT_RETURN_TYPE = YES_ERROR;
				GCC_WARN_UNDECLARED_SELECTOR = YES;
				GCC_WARN_UNINITIALIZED_AUTOS = YES_AGGRESSIVE;
				GCC_WARN_UNUSED_FUNCTION = YES;
				GCC_WARN_UNUSED_VARIABLE = YES;
				IPHONEOS_DEPLOYMENT_TARGET = 18.1;
				LOCALIZATION_PREFERS_STRING_CATALOGS = YES;
				MTL_ENABLE_DEBUG_INFO = NO;
				MTL_FAST_MATH = YES;
				SDKROOT = iphoneos;
				SWIFT_COMPILATION_MODE = wholemodule;
				VALIDATE_PRODUCT = YES;
			};
			name = Release;
		};
		21A80ED02D0175CE0048F51E /* Debug */ = {
			isa = XCBuildConfiguration;
			buildSettings = {
				BUNDLE_LOADER = "$(TEST_HOST)";
				CODE_SIGN_STYLE = Automatic;
				CURRENT_PROJECT_VERSION = 1;
				GENERATE_INFOPLIST_FILE = YES;
				IPHONEOS_DEPLOYMENT_TARGET = 18.1;
				MARKETING_VERSION = 1.0;
				PRODUCT_BUNDLE_IDENTIFIER = Beima.ShuttleUTests;
				PRODUCT_NAME = "$(TARGET_NAME)";
				SWIFT_EMIT_LOC_STRINGS = NO;
				SWIFT_VERSION = 5.0;
				TARGETED_DEVICE_FAMILY = "1,2";
				TEST_HOST = "$(BUILT_PRODUCTS_DIR)/ShuttleU.app/$(BUNDLE_EXECUTABLE_FOLDER_PATH)/ShuttleU";
			};
			name = Debug;
		};
		21A80ED12D0175CE0048F51E /* Release */ = {
			isa = XCBuildConfiguration;
			buildSettings = {
				BUNDLE_LOADER = "$(TEST_HOST)";
				CODE_SIGN_STYLE = Automatic;
				CURRENT_PROJECT_VERSION = 1;
				GENERATE_INFOPLIST_FILE = YES;
				IPHONEOS_DEPLOYMENT_TARGET = 18.1;
				MARKETING_VERSION = 1.0;
				PRODUCT_BUNDLE_IDENTIFIER = Beima.ShuttleUTests;
				PRODUCT_NAME = "$(TARGET_NAME)";
				SWIFT_EMIT_LOC_STRINGS = NO;
				SWIFT_VERSION = 5.0;
				TARGETED_DEVICE_FAMILY = "1,2";
				TEST_HOST = "$(BUILT_PRODUCTS_DIR)/ShuttleU.app/$(BUNDLE_EXECUTABLE_FOLDER_PATH)/ShuttleU";
			};
			name = Release;
		};
		21A80ED32D0175CE0048F51E /* Debug */ = {
			isa = XCBuildConfiguration;
			buildSettings = {
				CODE_SIGN_STYLE = Automatic;
				CURRENT_PROJECT_VERSION = 1;
				GENERATE_INFOPLIST_FILE = YES;
				MARKETING_VERSION = 1.0;
				PRODUCT_BUNDLE_IDENTIFIER = Beima.ShuttleUUITests;
				PRODUCT_NAME = "$(TARGET_NAME)";
				SWIFT_EMIT_LOC_STRINGS = NO;
				SWIFT_VERSION = 5.0;
				TARGETED_DEVICE_FAMILY = "1,2";
				TEST_TARGET_NAME = ShuttleU;
			};
			name = Debug;
		};
		21A80ED42D0175CE0048F51E /* Release */ = {
			isa = XCBuildConfiguration;
			buildSettings = {
				CODE_SIGN_STYLE = Automatic;
				CURRENT_PROJECT_VERSION = 1;
				GENERATE_INFOPLIST_FILE = YES;
				MARKETING_VERSION = 1.0;
				PRODUCT_BUNDLE_IDENTIFIER = Beima.ShuttleUUITests;
				PRODUCT_NAME = "$(TARGET_NAME)";
				SWIFT_EMIT_LOC_STRINGS = NO;
				SWIFT_VERSION = 5.0;
				TARGETED_DEVICE_FAMILY = "1,2";
				TEST_TARGET_NAME = ShuttleU;
			};
			name = Release;
		};
/* End XCBuildConfiguration section */

/* Begin XCConfigurationList section */
		21A80E9E2D0175CD0048F51E /* Build configuration list for PBXProject "ShuttleU" */ = {
			isa = XCConfigurationList;
			buildConfigurations = (
				21A80ECD2D0175CE0048F51E /* Debug */,
				21A80ECE2D0175CE0048F51E /* Release */,
			);
			defaultConfigurationIsVisible = 0;
			defaultConfigurationName = Release;
		};
		21A80ECA2D0175CE0048F51E /* Build configuration list for PBXNativeTarget "ShuttleU" */ = {
			isa = XCConfigurationList;
			buildConfigurations = (
				21A80ECB2D0175CE0048F51E /* Debug */,
				21A80ECC2D0175CE0048F51E /* Release */,
			);
			defaultConfigurationIsVisible = 0;
			defaultConfigurationName = Release;
		};
		21A80ECF2D0175CE0048F51E /* Build configuration list for PBXNativeTarget "ShuttleUTests" */ = {
			isa = XCConfigurationList;
			buildConfigurations = (
				21A80ED02D0175CE0048F51E /* Debug */,
				21A80ED12D0175CE0048F51E /* Release */,
			);
			defaultConfigurationIsVisible = 0;
			defaultConfigurationName = Release;
		};
		21A80ED22D0175CE0048F51E /* Build configuration list for PBXNativeTarget "ShuttleUUITests" */ = {
			isa = XCConfigurationList;
			buildConfigurations = (
				21A80ED32D0175CE0048F51E /* Debug */,
				21A80ED42D0175CE0048F51E /* Release */,
			);
			defaultConfigurationIsVisible = 0;
			defaultConfigurationName = Release;
		};
/* End XCConfigurationList section */
	};
	rootObject = 21A80E9B2D0175CD0048F51E /* Project object */;
}
